{
  "name": "exercise44",
  "lockfileVersion": 3,
  "requires": true,
  "packages": {
    "": {
      "dependencies": {
        "pynput": "^0.3.1"
      }
    },
    "node_modules/pynput": {
      "version": "0.3.1",
      "resolved": "https://registry.npmjs.org/pynput/-/pynput-0.3.1.tgz",
      "integrity": "sha512-BIUfkUBpUEPZD7cPLWJTJBmun/UjDiiSGfheB4hnubmOCZV36mk/s1sXdRjiDBr7IkDWhkEq+PwnAhI9m4t7tQ==",
      "license": "MIT"
    }
  }
}
