{
  "name": "exercise34",
  "lockfileVersion": 3,
  "requires": true,
  "packages": {
    "": {
      "dependencies": {
        "pynput": "^0.2.5"
      }
    },
    "node_modules/pynput": {
      "version": "0.2.5",
      "resolved": "https://registry.npmjs.org/pynput/-/pynput-0.2.5.tgz",
      "integrity": "sha512-PSpPD6h77qtL5PuBEXXB9QNPs8v+eHLJTDzsCqXmGG46ObZUXDkIV+tnqmnIriHpNsW9tH8ega/UxSJQXt9R7A==",
      "license": "MIT"
    }
  }
}
