{
  "name": "exercise16",
  "lockfileVersion": 3,
  "requires": true,
  "packages": {
    "": {
      "dependencies": {
        "pynput": "^0.2.4"
      }
    },
    "node_modules/pynput": {
      "version": "0.2.4",
      "resolved": "https://registry.npmjs.org/pynput/-/pynput-0.2.4.tgz",
      "integrity": "sha512-IWCU7HPfTOnXW6d7HXu1CwwpYgaxH1zNOzIGBClHiEfPow2CtuX6Ctmc2jMPU7EEoo6seQKZ1le6mJMRkU1MHQ==",
      "license": "MIT"
    }
  }
}
