{
  "name": "exercise06",
  "lockfileVersion": 3,
  "requires": true,
  "packages": {
    "": {
      "dependencies": {
        "pynput": "^0.2.3"
      }
    },
    "node_modules/pynput": {
      "version": "0.2.3",
      "resolved": "https://registry.npmjs.org/pynput/-/pynput-0.2.3.tgz",
      "integrity": "sha512-q990+bdQFBcH7BE79P3tJiiDXFpzvLeIM2O1UpM0gCKdn1UnIbpkNiSDnDcxHR+QJBwg/yIf4GSVZVg/eA/3FA=="
    }
  }
}
